
Microsoft Visual Studio Solution File, Format Version 12.00
# Visual Studio Version 17
VisualStudioVersion = 17.0.31903.59
MinimumVisualStudioVersion = 10.0.40219.1
Project("{9A19103F-16F7-4668-BE54-9A1E7A4F7556}") = "Singulink.Collections", "Source\Singulink.Collections\Singulink.Collections.csproj", "{1078945F-D4EB-45D7-BD1F-EF33D7A7D308}"
EndProject
Project("{9A19103F-16F7-4668-BE54-9A1E7A4F7556}") = "Singulink.Collections.Weak", "Source\Singulink.Collections.Weak\Singulink.Collections.Weak.csproj", "{D13CB713-78B9-422B-9BAF-2A35B434FA42}"
EndProject
Project("{9A19103F-16F7-4668-BE54-9A1E7A4F7556}") = "Singulink.Collections.Tests", "Tests\Singulink.Collections.Tests\Singulink.Collections.Tests.csproj", "{221DC5F0-312A-4FB8-B2FC-D171C921CED6}"
EndProject
Project("{9A19103F-16F7-4668-BE54-9A1E7A4F7556}") = "Singulink.Collections.Weak.Tests", "Tests\Singulink.Collections.Weak.Tests\Singulink.Collections.Weak.Tests.csproj", "{2F4F3F7C-86C3-473D-90D1-9EFC7147B8D8}"
EndProject
Project("{2150E333-8FDC-42A3-9474-1A3956D46DE8}") = "Source", "Source", "{3F3E66F3-E5F4-4243-AB36-583AC6BDDB22}"
EndProject
Project("{2150E333-8FDC-42A3-9474-1A3956D46DE8}") = "Tests", "Tests", "{D641285C-EB50-4B2E-9FCB-6650DAA65342}"
EndProject
Project("{2150E333-8FDC-42A3-9474-1A3956D46DE8}") = "Source Items", "Source Items", "{E264B84B-C48C-4D27-8FD2-8C2DE0BAB9B2}"
	ProjectSection(SolutionItems) = preProject
		Source\Directory.Build.props = Source\Directory.Build.props
		Source\Directory.Build.targets = Source\Directory.Build.targets
		Source\key.snk = Source\key.snk
	EndProjectSection
EndProject
Project("{2150E333-8FDC-42A3-9474-1A3956D46DE8}") = "Test Items", "Test Items", "{3C98511D-3E04-4D16-B96C-8EFC5216CF4E}"
	ProjectSection(SolutionItems) = preProject
		Tests\.editorconfig = Tests\.editorconfig
		Tests\BannedSymbols.txt = Tests\BannedSymbols.txt
		Tests\Directory.Build.props = Tests\Directory.Build.props
	EndProjectSection
EndProject
Global
	GlobalSection(SolutionConfigurationPlatforms) = preSolution
		Debug|Any CPU = Debug|Any CPU
		Release|Any CPU = Release|Any CPU
	EndGlobalSection
	GlobalSection(ProjectConfigurationPlatforms) = postSolution
		{1078945F-D4EB-45D7-BD1F-EF33D7A7D308}.Debug|Any CPU.ActiveCfg = Debug|Any CPU
		{1078945F-D4EB-45D7-BD1F-EF33D7A7D308}.Debug|Any CPU.Build.0 = Debug|Any CPU
		{1078945F-D4EB-45D7-BD1F-EF33D7A7D308}.Release|Any CPU.ActiveCfg = Release|Any CPU
		{1078945F-D4EB-45D7-BD1F-EF33D7A7D308}.Release|Any CPU.Build.0 = Release|Any CPU
		{D13CB713-78B9-422B-9BAF-2A35B434FA42}.Debug|Any CPU.ActiveCfg = Debug|Any CPU
		{D13CB713-78B9-422B-9BAF-2A35B434FA42}.Debug|Any CPU.Build.0 = Debug|Any CPU
		{D13CB713-78B9-422B-9BAF-2A35B434FA42}.Release|Any CPU.ActiveCfg = Release|Any CPU
		{D13CB713-78B9-422B-9BAF-2A35B434FA42}.Release|Any CPU.Build.0 = Release|Any CPU
		{221DC5F0-312A-4FB8-B2FC-D171C921CED6}.Debug|Any CPU.ActiveCfg = Debug|Any CPU
		{221DC5F0-312A-4FB8-B2FC-D171C921CED6}.Debug|Any CPU.Build.0 = Debug|Any CPU
		{221DC5F0-312A-4FB8-B2FC-D171C921CED6}.Release|Any CPU.ActiveCfg = Release|Any CPU
		{221DC5F0-312A-4FB8-B2FC-D171C921CED6}.Release|Any CPU.Build.0 = Release|Any CPU
		{2F4F3F7C-86C3-473D-90D1-9EFC7147B8D8}.Debug|Any CPU.ActiveCfg = Debug|Any CPU
		{2F4F3F7C-86C3-473D-90D1-9EFC7147B8D8}.Debug|Any CPU.Build.0 = Debug|Any CPU
		{2F4F3F7C-86C3-473D-90D1-9EFC7147B8D8}.Release|Any CPU.ActiveCfg = Release|Any CPU
		{2F4F3F7C-86C3-473D-90D1-9EFC7147B8D8}.Release|Any CPU.Build.0 = Release|Any CPU
	EndGlobalSection
	GlobalSection(SolutionProperties) = preSolution
		HideSolutionNode = FALSE
	EndGlobalSection
	GlobalSection(NestedProjects) = preSolution
		{1078945F-D4EB-45D7-BD1F-EF33D7A7D308} = {3F3E66F3-E5F4-4243-AB36-583AC6BDDB22}
		{D13CB713-78B9-422B-9BAF-2A35B434FA42} = {3F3E66F3-E5F4-4243-AB36-583AC6BDDB22}
		{221DC5F0-312A-4FB8-B2FC-D171C921CED6} = {D641285C-EB50-4B2E-9FCB-6650DAA65342}
		{2F4F3F7C-86C3-473D-90D1-9EFC7147B8D8} = {D641285C-EB50-4B2E-9FCB-6650DAA65342}
		{E264B84B-C48C-4D27-8FD2-8C2DE0BAB9B2} = {3F3E66F3-E5F4-4243-AB36-583AC6BDDB22}
		{3C98511D-3E04-4D16-B96C-8EFC5216CF4E} = {D641285C-EB50-4B2E-9FCB-6650DAA65342}
	EndGlobalSection
	GlobalSection(ExtensibilityGlobals) = postSolution
		SolutionGuid = {A726AC5A-8E85-4678-ABD0-6746252A4C38}
	EndGlobalSection
EndGlobal
