
Microsoft Visual Studio Solution File, Format Version 12.00
# Visual Studio Version 16
VisualStudioVersion = 16.6.30114.105
MinimumVisualStudioVersion = 10.0.40219.1
Project("{9A19103F-16F7-4668-BE54-9A1E7A4F7556}") = "Singulink.Collections", "Singulink.Collections\Singulink.Collections.csproj", "{C802E214-0FE3-4115-A4E9-B08C8EE76759}"
EndProject
Project("{2150E333-8FDC-42A3-9474-1A3956D46DE8}") = "Solution Items", "Solution Items", "{79867FED-529B-4BE8-BF2B-7CF02BC48A28}"
	ProjectSection(SolutionItems) = preProject
		.editorconfig = .editorconfig
		Directory.Build.props = Directory.Build.props
	EndProjectSection
EndProject
Global
	GlobalSection(SolutionConfigurationPlatforms) = preSolution
		Debug|Any CPU = Debug|Any CPU
		Debug|x64 = Debug|x64
		Debug|x86 = Debug|x86
		Release|Any CPU = Release|Any CPU
		Release|x64 = Release|x64
		Release|x86 = Release|x86
	EndGlobalSection
	GlobalSection(ProjectConfigurationPlatforms) = postSolution
		{C802E214-0FE3-4115-A4E9-B08C8EE76759}.Debug|Any CPU.ActiveCfg = Debug|Any CPU
		{C802E214-0FE3-4115-A4E9-B08C8EE76759}.Debug|Any CPU.Build.0 = Debug|Any CPU
		{C802E214-0FE3-4115-A4E9-B08C8EE76759}.Debug|x64.ActiveCfg = Debug|Any CPU
		{C802E214-0FE3-4115-A4E9-B08C8EE76759}.Debug|x64.Build.0 = Debug|Any CPU
		{C802E214-0FE3-4115-A4E9-B08C8EE76759}.Debug|x86.ActiveCfg = Debug|Any CPU
		{C802E214-0FE3-4115-A4E9-B08C8EE76759}.Debug|x86.Build.0 = Debug|Any CPU
		{C802E214-0FE3-4115-A4E9-B08C8EE76759}.Release|Any CPU.ActiveCfg = Release|Any CPU
		{C802E214-0FE3-4115-A4E9-B08C8EE76759}.Release|Any CPU.Build.0 = Release|Any CPU
		{C802E214-0FE3-4115-A4E9-B08C8EE76759}.Release|x64.ActiveCfg = Release|Any CPU
		{C802E214-0FE3-4115-A4E9-B08C8EE76759}.Release|x64.Build.0 = Release|Any CPU
		{C802E214-0FE3-4115-A4E9-B08C8EE76759}.Release|x86.ActiveCfg = Release|Any CPU
		{C802E214-0FE3-4115-A4E9-B08C8EE76759}.Release|x86.Build.0 = Release|Any CPU
	EndGlobalSection
	GlobalSection(SolutionProperties) = preSolution
		HideSolutionNode = FALSE
	EndGlobalSection
	GlobalSection(ExtensibilityGlobals) = postSolution
		SolutionGuid = {62EF1A76-6B44-49F1-A73B-520A855AEEBA}
	EndGlobalSection
EndGlobal
