
Microsoft Visual Studio Solution File, Format Version 12.00
# Visual Studio Version 17
VisualStudioVersion = 17.4.33103.184
MinimumVisualStudioVersion = 10.0.40219.1
Project("{9A19103F-16F7-4668-BE54-9A1E7A4F7556}") = "Singulink.Collections", "Singulink.Collections\Singulink.Collections.csproj", "{C802E214-0FE3-4115-A4E9-B08C8EE76759}"
EndProject
Project("{2150E333-8FDC-42A3-9474-1A3956D46DE8}") = "Solution Items", "Solution Items", "{79867FED-529B-4BE8-BF2B-7CF02BC48A28}"
	ProjectSection(SolutionItems) = preProject
		.editorconfig = .editorconfig
		Directory.Build.props = Directory.Build.props
		..\README.md = ..\README.md
	EndProjectSection
EndProject
Project("{9A19103F-16F7-4668-BE54-9A1E7A4F7556}") = "Singulink.Collections.Abstractions", "Singulink.Collections.Abstractions\Singulink.Collections.Abstractions.csproj", "{8EF2D844-0A43-47EF-B055-030D13F02088}"
EndProject
Project("{9A19103F-16F7-4668-BE54-9A1E7A4F7556}") = "Singulink.Collections.Tests", "Tests\Singulink.Collections.Tests\Singulink.Collections.Tests.csproj", "{37173589-E411-4806-A79C-153D9659FAE7}"
EndProject
Project("{2150E333-8FDC-42A3-9474-1A3956D46DE8}") = "Test Items", "Test Items", "{465CA120-1038-480C-893C-AE32B93017A3}"
	ProjectSection(SolutionItems) = preProject
		Tests\.editorconfig = Tests\.editorconfig
		Tests\Directory.Build.props = Tests\Directory.Build.props
	EndProjectSection
EndProject
Project("{2150E333-8FDC-42A3-9474-1A3956D46DE8}") = "Tests", "Tests", "{B95CC845-E2D3-4EF5-B7DF-FC902D58FF4C}"
EndProject
Global
	GlobalSection(SolutionConfigurationPlatforms) = preSolution
		Debug|Any CPU = Debug|Any CPU
		Debug|x64 = Debug|x64
		Debug|x86 = Debug|x86
		Release|Any CPU = Release|Any CPU
		Release|x64 = Release|x64
		Release|x86 = Release|x86
	EndGlobalSection
	GlobalSection(ProjectConfigurationPlatforms) = postSolution
		{C802E214-0FE3-4115-A4E9-B08C8EE76759}.Debug|Any CPU.ActiveCfg = Debug|Any CPU
		{C802E214-0FE3-4115-A4E9-B08C8EE76759}.Debug|Any CPU.Build.0 = Debug|Any CPU
		{C802E214-0FE3-4115-A4E9-B08C8EE76759}.Debug|x64.ActiveCfg = Debug|Any CPU
		{C802E214-0FE3-4115-A4E9-B08C8EE76759}.Debug|x64.Build.0 = Debug|Any CPU
		{C802E214-0FE3-4115-A4E9-B08C8EE76759}.Debug|x86.ActiveCfg = Debug|Any CPU
		{C802E214-0FE3-4115-A4E9-B08C8EE76759}.Debug|x86.Build.0 = Debug|Any CPU
		{C802E214-0FE3-4115-A4E9-B08C8EE76759}.Release|Any CPU.ActiveCfg = Release|Any CPU
		{C802E214-0FE3-4115-A4E9-B08C8EE76759}.Release|Any CPU.Build.0 = Release|Any CPU
		{C802E214-0FE3-4115-A4E9-B08C8EE76759}.Release|x64.ActiveCfg = Release|Any CPU
		{C802E214-0FE3-4115-A4E9-B08C8EE76759}.Release|x64.Build.0 = Release|Any CPU
		{C802E214-0FE3-4115-A4E9-B08C8EE76759}.Release|x86.ActiveCfg = Release|Any CPU
		{C802E214-0FE3-4115-A4E9-B08C8EE76759}.Release|x86.Build.0 = Release|Any CPU
		{8EF2D844-0A43-47EF-B055-030D13F02088}.Debug|Any CPU.ActiveCfg = Debug|Any CPU
		{8EF2D844-0A43-47EF-B055-030D13F02088}.Debug|Any CPU.Build.0 = Debug|Any CPU
		{8EF2D844-0A43-47EF-B055-030D13F02088}.Debug|x64.ActiveCfg = Debug|Any CPU
		{8EF2D844-0A43-47EF-B055-030D13F02088}.Debug|x64.Build.0 = Debug|Any CPU
		{8EF2D844-0A43-47EF-B055-030D13F02088}.Debug|x86.ActiveCfg = Debug|Any CPU
		{8EF2D844-0A43-47EF-B055-030D13F02088}.Debug|x86.Build.0 = Debug|Any CPU
		{8EF2D844-0A43-47EF-B055-030D13F02088}.Release|Any CPU.ActiveCfg = Release|Any CPU
		{8EF2D844-0A43-47EF-B055-030D13F02088}.Release|Any CPU.Build.0 = Release|Any CPU
		{8EF2D844-0A43-47EF-B055-030D13F02088}.Release|x64.ActiveCfg = Release|Any CPU
		{8EF2D844-0A43-47EF-B055-030D13F02088}.Release|x64.Build.0 = Release|Any CPU
		{8EF2D844-0A43-47EF-B055-030D13F02088}.Release|x86.ActiveCfg = Release|Any CPU
		{8EF2D844-0A43-47EF-B055-030D13F02088}.Release|x86.Build.0 = Release|Any CPU
		{37173589-E411-4806-A79C-153D9659FAE7}.Debug|Any CPU.ActiveCfg = Debug|Any CPU
		{37173589-E411-4806-A79C-153D9659FAE7}.Debug|Any CPU.Build.0 = Debug|Any CPU
		{37173589-E411-4806-A79C-153D9659FAE7}.Debug|x64.ActiveCfg = Debug|Any CPU
		{37173589-E411-4806-A79C-153D9659FAE7}.Debug|x64.Build.0 = Debug|Any CPU
		{37173589-E411-4806-A79C-153D9659FAE7}.Debug|x86.ActiveCfg = Debug|Any CPU
		{37173589-E411-4806-A79C-153D9659FAE7}.Debug|x86.Build.0 = Debug|Any CPU
		{37173589-E411-4806-A79C-153D9659FAE7}.Release|Any CPU.ActiveCfg = Release|Any CPU
		{37173589-E411-4806-A79C-153D9659FAE7}.Release|Any CPU.Build.0 = Release|Any CPU
		{37173589-E411-4806-A79C-153D9659FAE7}.Release|x64.ActiveCfg = Release|Any CPU
		{37173589-E411-4806-A79C-153D9659FAE7}.Release|x64.Build.0 = Release|Any CPU
		{37173589-E411-4806-A79C-153D9659FAE7}.Release|x86.ActiveCfg = Release|Any CPU
		{37173589-E411-4806-A79C-153D9659FAE7}.Release|x86.Build.0 = Release|Any CPU
	EndGlobalSection
	GlobalSection(SolutionProperties) = preSolution
		HideSolutionNode = FALSE
	EndGlobalSection
	GlobalSection(NestedProjects) = preSolution
		{37173589-E411-4806-A79C-153D9659FAE7} = {B95CC845-E2D3-4EF5-B7DF-FC902D58FF4C}
		{465CA120-1038-480C-893C-AE32B93017A3} = {B95CC845-E2D3-4EF5-B7DF-FC902D58FF4C}
	EndGlobalSection
	GlobalSection(ExtensibilityGlobals) = postSolution
		SolutionGuid = {62EF1A76-6B44-49F1-A73B-520A855AEEBA}
	EndGlobalSection
EndGlobal
